{
  "name": "anthonies",
  "version": "0.0.0",
  "lockfileVersion": 1,
  "requires": true,
  "dependencies": {
    "bcrypt-nodejs": {
      "version": "0.0.3",
      "resolved": "https://registry.npmjs.org/bcrypt-nodejs/-/bcrypt-nodejs-0.0.3.tgz",
      "integrity": "sha1-xgkX8m3CNWYVZsaBBhwwPCsohCs="
    },
    "body-parser": {
      "version": "1.18.3",
      "resolved": "https://registry.npmjs.org/body-parser/-/body-parser-1.18.3.tgz",
      "integrity": "sha1-WykhmP/dVTs6DyDe0FkrlWlVyLQ="
    },
    "clean-urls": {
      "version": "1.1.5",
      "resolved": "https://registry.npmjs.org/clean-urls/-/clean-urls-1.1.5.tgz",
      "integrity": "sha1-E8VcLs56xrMoofASNDX3d3k/bUQ=",
      "dependencies": {
        "mime-db": {
          "version": "1.1.2",
          "resolved": "https://registry.npmjs.org/mime-db/-/mime-db-1.1.2.tgz",
          "integrity": "sha1-iT1sUQ9+P2T8ddiiOkhAH2aef9s="
        },
        "mime-types": {
          "version": "2.0.2",
          "resolved": "https://registry.npmjs.org/mime-types/-/mime-types-2.0.2.tgz",
          "integrity": "sha1-x0t3nyiWw2eIhiK9U3qqrUwKLAg="
        },
        "minimatch": {
          "version": "1.0.0",
          "resolved": "https://registry.npmjs.org/minimatch/-/minimatch-1.0.0.tgz",
          "integrity": "sha1-4N0hILSeG3JM6NcUxSCCKpQ4V20="
        }
      }
    },
    "connect-flash": {
      "version": "0.1.1",
      "resolved": "https://registry.npmjs.org/connect-flash/-/connect-flash-0.1.1.tgz",
      "integrity": "sha1-2GMPJtlaf4UfmVax6MxnMvO2qjA="
    },
    "connect-mongo": {
      "version": "2.0.3",
      "resolved": "https://registry.npmjs.org/connect-mongo/-/connect-mongo-2.0.3.tgz",
      "integrity": "sha512-Vs+QZ/6X6gbCrP1Ls7Oh/wlyY6pgpbPSrUKF5yRT+zd+4GZPNbjNquxquZ+Clv2+03HBXE7T4lVM0PUcaBhihg==",
      "dependencies": {
        "bson": {
          "version": "1.0.9",
          "resolved": "https://registry.npmjs.org/bson/-/bson-1.0.9.tgz",
          "integrity": "sha512-IQX9/h7WdMBIW/q/++tGd+emQr0XMdeZ6icnT/74Xk9fnabWn+gZgpE+9V+gujL3hhJOoNrnDVY7tWdzc7NUTg=="
        },
        "isarray": {
          "version": "1.0.0",
          "resolved": "https://registry.npmjs.org/isarray/-/isarray-1.0.0.tgz",
          "integrity": "sha1-u5NdSFgsuhaMBoNJV6VKPgcSTxE="
        },
        "mongodb": {
          "version": "2.2.36",
          "resolved": "https://registry.npmjs.org/mongodb/-/mongodb-2.2.36.tgz",
          "integrity": "sha512-P2SBLQ8Z0PVx71ngoXwo12+FiSfbNfGOClAao03/bant5DgLNkOPAck5IaJcEk4gKlQhDEURzfR3xuBG1/B+IA=="
        },
        "mongodb-core": {
          "version": "2.1.20",
          "resolved": "https://registry.npmjs.org/mongodb-core/-/mongodb-core-2.1.20.tgz",
          "integrity": "sha512-IN57CX5/Q1bhDq6ShAR6gIv4koFsZP7L8WOK1S0lR0pVDQaScffSMV5jxubLsmZ7J+UdqmykKw4r9hG3XQEGgQ=="
        },
        "readable-stream": {
          "version": "2.2.7",
          "resolved": "https://registry.npmjs.org/readable-stream/-/readable-stream-2.2.7.tgz",
          "integrity": "sha1-BwV6y+JGeyIELTb5jFrVBwVOlbE="
        },
        "string_decoder": {
          "version": "1.0.3",
          "resolved": "https://registry.npmjs.org/string_decoder/-/string_decoder-1.0.3.tgz",
          "integrity": "sha512-4AH6Z5fzNNBcH+6XDMfA/BTt87skxqJlO0lAh3Dker5zThcAxG6mKz+iGu308UKoPPQ8Dcqx/4JhujzltRa+hQ=="
        }
      }
    },
    "cookie-parser": {
      "version": "1.4.4",
      "resolved": "https://registry.npmjs.org/cookie-parser/-/cookie-parser-1.4.4.tgz",
      "integrity": "sha512-lo13tqF3JEtFO7FyA49CqbhaFkskRJ0u/UAiINgrIXeRCY41c88/zxtrECl8AKH3B0hj9q10+h3Kt8I7KlW4tw=="
    },
    "csurf": {
      "version": "1.9.0",
      "resolved": "https://registry.npmjs.org/csurf/-/csurf-1.9.0.tgz",
      "integrity": "sha1-SdLGkl/87Ht95VlZfBU/pTM2QTM=",
      "dependencies": {
        "http-errors": {
          "version": "1.5.1",
          "resolved": "https://registry.npmjs.org/http-errors/-/http-errors-1.5.1.tgz",
          "integrity": "sha1-eIwNLB3iyBuebowBhDtrl+uSB1A="
        },
        "setprototypeof": {
          "version": "1.0.2",
          "resolved": "https://registry.npmjs.org/setprototypeof/-/setprototypeof-1.0.2.tgz",
          "integrity": "sha1-gaVSFB7BBLiOic44MQOtXGZWTQg="
        }
      }
    },
    "debug": {
      "version": "2.6.9",
      "resolved": "https://registry.npmjs.org/debug/-/debug-2.6.9.tgz",
      "integrity": "sha512-bC7ElrdJaJnPbAP+1EotYvqZsb3ecl5wi6Bfi6BJTUcNowp6cvspg0jXznRTKDjm/E7AdgFBVeAPVMNcKGsHMA=="
    },
    "ejs": {
      "version": "2.6.1",
      "resolved": "https://registry.npmjs.org/ejs/-/ejs-2.6.1.tgz",
      "integrity": "sha512-0xy4A/twfrRCnkhfk8ErDi5DqdAsAqeGxht4xkCUrsvhhbQNs7E+4jV0CN7+NKIY0aHE72+XvqtBIXzD31ZbXQ=="
    },
    "express": {
      "version": "4.16.4",
      "resolved": "https://registry.npmjs.org/express/-/express-4.16.4.tgz",
      "integrity": "sha512-j12Uuyb4FMrd/qQAm6uCHAkPtO8FDTRJZBDd5D2KOL2eLaz1yUNdUB/NOIyq0iU4q4cFarsUCrnFDPBcnksuOg=="
    },
    "express-fileupload": {
      "version": "1.1.9",
      "resolved": "https://registry.npmjs.org/express-fileupload/-/express-fileupload-1.1.9.tgz",
      "integrity": "sha512-f2w0aoe7lj3NeD8a4MXmYQsqir3Z66I08l9AKq04QbFUAjeZNmPwTlR5Lx2NGwSu/PslsAjGC38MWzo5tTjoBg==",
      "requires": {
        "busboy": "^0.3.1"
      },
      "dependencies": {
        "busboy": {
          "version": "0.3.1",
          "resolved": "https://registry.npmjs.org/busboy/-/busboy-0.3.1.tgz",
          "integrity": "sha512-y7tTxhGKXcyBxRKAni+awqx8uqaJKrSFSNFSeRG5CsWNdmy2BIK+6VGWEW7TZnIO/533mtMEA4rOevQV815YJw==",
          "requires": {
            "dicer": "0.3.0"
          }
        },
        "dicer": {
          "version": "0.3.0",
          "resolved": "https://registry.npmjs.org/dicer/-/dicer-0.3.0.tgz",
          "integrity": "sha512-MdceRRWqltEG2dZqO769g27N/3PXfcKl04VhYnBlo2YhH7zPi88VebsjTKclaOyiuMaGU72hTfw3VkUitGcVCA==",
          "requires": {
            "streamsearch": "0.1.2"
          }
        }
      }
    },
    "express-handlebars": {
      "version": "3.0.2",
      "resolved": "https://registry.npmjs.org/express-handlebars/-/express-handlebars-3.0.2.tgz",
      "integrity": "sha512-rPaSqR8xPnSqfvWvI8Mhtn7nifaMmySq6yhWkjH07Ks/nuDaRngJyf7eDN2I7PBkNVdZHf0Bz+1rY1yrZFdx8g=="
    },
    "express-session": {
      "version": "1.15.6",
      "resolved": "https://registry.npmjs.org/express-session/-/express-session-1.15.6.tgz",
      "integrity": "sha512-r0nrHTCYtAMrFwZ0kBzZEXa1vtPVrw0dKvGSrKP4dahwBQ1BJpF2/y1Pp4sCD/0kvxV4zZeclyvfmw0B4RMJQA==",
      "dependencies": {
        "uid-safe": {
          "version": "2.1.5",
          "resolved": "https://registry.npmjs.org/uid-safe/-/uid-safe-2.1.5.tgz",
          "integrity": "sha512-KPHm4VL5dDXKz01UuEd88Df+KzynaohSL9fBh096KWAxSKZQDI2uBrVqtvRM4rwrIrRRKsdLNML/lnaaVSRioA=="
        }
      }
    },
    "express-validator": {
      "version": "5.3.1",
      "resolved": "https://registry.npmjs.org/express-validator/-/express-validator-5.3.1.tgz",
      "integrity": "sha512-g8xkipBF6VxHbO1+ksC7nxUU7+pWif0+OZXjZTybKJ/V0aTVhuCoHbyhIPgSYVldwQLocGExPtB2pE0DqK4jsw=="
    },
    "file-system": {
      "version": "2.2.2",
      "resolved": "https://registry.npmjs.org/file-system/-/file-system-2.2.2.tgz",
      "integrity": "sha1-fWWDPjojR9zZVqgTxncVPtPt2Yc="
    },
    "fs": {
      "version": "0.0.1-security",
      "resolved": "https://registry.npmjs.org/fs/-/fs-0.0.1-security.tgz",
      "integrity": "sha1-invTcYa23d84E/I4WLV+yq9eQdQ="
    },
    "hbs": {
      "version": "4.0.3",
      "resolved": "https://registry.npmjs.org/hbs/-/hbs-4.0.3.tgz",
      "integrity": "sha512-u8AAbtYUWqNATGEruLdlyAbN+lOtKED+mn38t/13ZkeaKy5BObknFuL1Gtmj0QwXgcSizQ68FHOP1ZST/HP+dg=="
    },
    "http-errors": {
      "version": "1.6.3",
      "resolved": "https://registry.npmjs.org/http-errors/-/http-errors-1.6.3.tgz",
      "integrity": "sha1-i1VoC7S+KDoLW/TqLjhYC+HZMg0="
    },
    "mongoose": {
      "version": "5.4.19",
      "resolved": "https://registry.npmjs.org/mongoose/-/mongoose-5.4.19.tgz",
      "integrity": "sha512-paRU3nbCrPIUVw1GAlxo11uIIqrYORctUx1kcLj7i2NhkxPQuy5OK2/FYj8+tglsaixycmONSyop2HQp1IUQSA==",
      "dependencies": {
        "async": {
          "version": "2.6.1",
          "resolved": "https://registry.npmjs.org/async/-/async-2.6.1.tgz",
          "integrity": "sha512-fNEiL2+AZt6AlAw/29Cr0UDe4sRAHCpEHh54WMz+Bb7QfNcFw4h3loofyJpLeQs4Yx7yuqu/2dLgM5hKOs6HlQ=="
        },
        "ms": {
          "version": "2.1.1",
          "resolved": "https://registry.npmjs.org/ms/-/ms-2.1.1.tgz",
          "integrity": "sha512-tgp+dl5cGk28utYktBsrFqA7HKgrhgPsg6Z/EfhWI4gl1Hwq8B/GmY/0oXZ6nF8hDVesS/FpnYaD/kOWhYQvyg=="
        }
      }
    },
    "morgan": {
      "version": "1.9.1",
      "resolved": "https://registry.npmjs.org/morgan/-/morgan-1.9.1.tgz",
      "integrity": "sha512-HQStPIV4y3afTiCYVxirakhlCfGkI161c76kKFca7Fk1JusM//Qeo1ej2XaMniiNeaZklMVrh3vTtIzpzwbpmA=="
    },
    "multer": {
      "version": "1.4.1",
      "resolved": "https://registry.npmjs.org/multer/-/multer-1.4.1.tgz",
      "integrity": "sha512-zzOLNRxzszwd+61JFuAo0fxdQfvku12aNJgnla0AQ+hHxFmfc/B7jBVuPr5Rmvu46Jze/iJrFpSOsD7afO8SDw=="
    },
    "passport": {
      "version": "0.4.0",
      "resolved": "https://registry.npmjs.org/passport/-/passport-0.4.0.tgz",
      "integrity": "sha1-xQlWkTR71a07XhgCOMORTRbwWBE="
    },
    "passport-local": {
      "version": "1.0.0",
      "resolved": "https://registry.npmjs.org/passport-local/-/passport-local-1.0.0.tgz",
      "integrity": "sha1-H+YyaMkudWBmJkN+O5BmYsFbpu4="
    },
    "sharp": {
      "version": "0.22.0",
      "resolved": "https://registry.npmjs.org/sharp/-/sharp-0.22.0.tgz",
      "integrity": "sha512-yInpiWYvVbE0hJylso2Q2A7QaYFBxGdSlVVHGeUf1F9JsQNAUpmaqdnX54TImgKbSCy9mQpEAoGm1pcKCZhCsQ=="
    },
    "streamsearch": {
      "version": "0.1.2",
      "resolved": "https://registry.npmjs.org/streamsearch/-/streamsearch-0.1.2.tgz",
      "integrity": "sha1-gIudDlb8Jz2Am6VzOOkpkZoanxo="
    },
    "uuid": {
      "version": "3.3.2",
      "resolved": "https://registry.npmjs.org/uuid/-/uuid-3.3.2.tgz",
      "integrity": "sha512-yXJmeNaw3DnnKAOKJE51sL/ZaYfWJRl1pK9dr19YFCu0ObS231AB1/LbqTKRAQ5kw8A90rA6fr4riOUpTZvQZA=="
    }
  }
}
